
Microsoft Visual Studio Solution File, Format Version 12.00
# Visual Studio Version 17
VisualStudioVersion = 17.2.32616.157
MinimumVisualStudioVersion = 10.0.40219.1
Project("{9A19103F-16F7-4668-BE54-9A1E7A4F7556}") = "PhonebookApplicationJSON", "PhonebookApplicationJSON\PhonebookApplicationJSON.csproj", "{0B6C1430-47A4-4803-AE81-8F8224A19E95}"
EndProject
Project("{FAE04EC0-301F-11D3-BF4B-00C04F79EFBC}") = "PhonebookApplicationJSONDesktopUI", "PhonebookApplicationJSONDesktopUI\PhonebookApplicationJSONDesktopUI.csproj", "{77A7ADDE-8FBF-4F3A-9C36-27EA317F0320}"
EndProject
Global
	GlobalSection(SolutionConfigurationPlatforms) = preSolution
		Debug|Any CPU = Debug|Any CPU
		Release|Any CPU = Release|Any CPU
	EndGlobalSection
	GlobalSection(ProjectConfigurationPlatforms) = postSolution
		{0B6C1430-47A4-4803-AE81-8F8224A19E95}.Debug|Any CPU.ActiveCfg = Debug|Any CPU
		{0B6C1430-47A4-4803-AE81-8F8224A19E95}.Debug|Any CPU.Build.0 = Debug|Any CPU
		{0B6C1430-47A4-4803-AE81-8F8224A19E95}.Release|Any CPU.ActiveCfg = Release|Any CPU
		{0B6C1430-47A4-4803-AE81-8F8224A19E95}.Release|Any CPU.Build.0 = Release|Any CPU
		{77A7ADDE-8FBF-4F3A-9C36-27EA317F0320}.Debug|Any CPU.ActiveCfg = Debug|Any CPU
		{77A7ADDE-8FBF-4F3A-9C36-27EA317F0320}.Debug|Any CPU.Build.0 = Debug|Any CPU
		{77A7ADDE-8FBF-4F3A-9C36-27EA317F0320}.Release|Any CPU.ActiveCfg = Release|Any CPU
		{77A7ADDE-8FBF-4F3A-9C36-27EA317F0320}.Release|Any CPU.Build.0 = Release|Any CPU
	EndGlobalSection
	GlobalSection(SolutionProperties) = preSolution
		HideSolutionNode = FALSE
	EndGlobalSection
	GlobalSection(ExtensibilityGlobals) = postSolution
		SolutionGuid = {CDF046EF-D645-4858-BEC1-2D376D07E003}
	EndGlobalSection
EndGlobal
